// !$*UTF8*$!
{
	archiveVersion = 1;
	classes = {
	};
	objectVersion = 50;
	objects = {

/* Begin PBXBuildFile section */
		21FA566F20983727001D76D6 /* AppDelegate.swift in Sources */ = {isa = PBXBuildFile; fileRef = 21FA566E20983727001D76D6 /* AppDelegate.swift */; };
		21FA567120983727001D76D6 /* ViewController.swift in Sources */ = {isa = PBXBuildFile; fileRef = 21FA567020983727001D76D6 /* ViewController.swift */; };
		21FA567420983727001D76D6 /* Main.storyboard in Resources */ = {isa = PBXBuildFile; fileRef = 21FA567220983727001D76D6 /* Main.storyboard */; };
		21FA567620983732001D76D6 /* Assets.xcassets in Resources */ = {isa = PBXBuildFile; fileRef = 21FA567520983732001D76D6 /* Assets.xcassets */; };
		21FA567920983732001D76D6 /* LaunchScreen.storyboard in Resources */ = {isa = PBXBuildFile; fileRef = 21FA567720983732001D76D6 /* LaunchScreen.storyboard */; };
		21FA568420983733001D76D6 /* TestXCTestUITests.swift in Sources */ = {isa = PBXBuildFile; fileRef = 21FA568320983733001D76D6 /* TestXCTestUITests.swift */; };
/* End PBXBuildFile section */

/* Begin PBXContainerItemProxy section */
		21FA568020983733001D76D6 /* PBXContainerItemProxy */ = {
			isa = PBXContainerItemProxy;
			containerPortal = 21FA566320983727001D76D6 /* Project object */;
			proxyType = 1;
			remoteGlobalIDString = 21FA566A20983727001D76D6;
			remoteInfo = TestXCTest;
		};
/* End PBXContainerItemProxy section */

/* Begin PBXFileReference section */
		21FA566B20983727001D76D6 /* TestXCTest.app */ = {isa = PBXFileReference; explicitFileType = wrapper.application; includeInIndex = 0; path = TestXCTest.app; sourceTree = BUILT_PRODUCTS_DIR; };
		21FA566E20983727001D76D6 /* AppDelegate.swift */ = {isa = PBXFileReference; lastKnownFileType = sourcecode.swift; path = AppDelegate.swift; sourceTree = "<group>"; };
		21FA567020983727001D76D6 /* ViewController.swift */ = {isa = PBXFileReference; lastKnownFileType = sourcecode.swift; path = ViewController.swift; sourceTree = "<group>"; };
		21FA567320983727001D76D6 /* Base */ = {isa = PBXFileReference; lastKnownFileType = file.storyboard; name = Base; path = Base.lproj/Main.storyboard; sourceTree = "<group>"; };
		21FA567520983732001D76D6 /* Assets.xcassets */ = {isa = PBXFileReference; lastKnownFileType = folder.assetcatalog; path = Assets.xcassets; sourceTree = "<group>"; };
		21FA567820983732001D76D6 /* Base */ = {isa = PBXFileReference; lastKnownFileType = file.storyboard; name = Base; path = Base.lproj/LaunchScreen.storyboard; sourceTree = "<group>"; };
		21FA567A20983732001D76D6 /* Info.plist */ = {isa = PBXFileReference; lastKnownFileType = text.plist.xml; path = Info.plist; sourceTree = "<group>"; };
		21FA567F20983733001D76D6 /* TestXCTestUITests.xctest */ = {isa = PBXFileReference; explicitFileType = wrapper.cfbundle; includeInIndex = 0; path = TestXCTestUITests.xctest; sourceTree = BUILT_PRODUCTS_DIR; };
		21FA568320983733001D76D6 /* TestXCTestUITests.swift */ = {isa = PBXFileReference; lastKnownFileType = sourcecode.swift; path = TestXCTestUITests.swift; sourceTree = "<group>"; };
		21FA568520983733001D76D6 /* Info.plist */ = {isa = PBXFileReference; lastKnownFileType = text.plist.xml; path = Info.plist; sourceTree = "<group>"; };
/* End PBXFileReference section */

/* Begin PBXFrameworksBuildPhase section */
		21FA566820983727001D76D6 /* Frameworks */ = {
			isa = PBXFrameworksBuildPhase;
			buildActionMask = 2147483647;
			files = (
			);
			runOnlyForDeploymentPostprocessing = 0;
		};
		21FA567C20983733001D76D6 /* Frameworks */ = {
			isa = PBXFrameworksBuildPhase;
			buildActionMask = 2147483647;
			files = (
			);
			runOnlyForDeploymentPostprocessing = 0;
		};
/* End PBXFrameworksBuildPhase section */

/* Begin PBXGroup section */
		21FA566220983727001D76D6 = {
			isa = PBXGroup;
			children = (
				21FA566D20983727001D76D6 /* TestXCTest */,
				21FA568220983733001D76D6 /* TestXCTestUITests */,
				21FA566C20983727001D76D6 /* Products */,
			);
			sourceTree = "<group>";
		};
		21FA566C20983727001D76D6 /* Products */ = {
			isa = PBXGroup;
			children = (
				21FA566B20983727001D76D6 /* TestXCTest.app */,
				21FA567F20983733001D76D6 /* TestXCTestUITests.xctest */,
			);
			name = Products;
			sourceTree = "<group>";
		};
		21FA566D20983727001D76D6 /* TestXCTest */ = {
			isa = PBXGroup;
			children = (
				21FA566E20983727001D76D6 /* AppDelegate.swift */,
				21FA567020983727001D76D6 /* ViewController.swift */,
				21FA567220983727001D76D6 /* Main.storyboard */,
				21FA567520983732001D76D6 /* Assets.xcassets */,
				21FA567720983732001D76D6 /* LaunchScreen.storyboard */,
				21FA567A20983732001D76D6 /* Info.plist */,
			);
			path = TestXCTest;
			sourceTree = "<group>";
		};
		21FA568220983733001D76D6 /* TestXCTestUITests */ = {
			isa = PBXGroup;
			children = (
				21FA568320983733001D76D6 /* TestXCTestUITests.swift */,
				21FA568520983733001D76D6 /* Info.plist */,
			);
			path = TestXCTestUITests;
			sourceTree = "<group>";
		};
/* End PBXGroup section */

/* Begin PBXNativeTarget section */
		21FA566A20983727001D76D6 /* TestXCTest */ = {
			isa = PBXNativeTarget;
			buildConfigurationList = 21FA568820983733001D76D6 /* Build configuration list for PBXNativeTarget "TestXCTest" */;
			buildPhases = (
				21FA566720983727001D76D6 /* Sources */,
				21FA566820983727001D76D6 /* Frameworks */,
				21FA566920983727001D76D6 /* Resources */,
			);
			buildRules = (
			);
			dependencies = (
			);
			name = TestXCTest;
			productName = TestXCTest;
			productReference = 21FA566B20983727001D76D6 /* TestXCTest.app */;
			productType = "com.apple.product-type.application";
		};
		21FA567E20983733001D76D6 /* TestXCTestUITests */ = {
			isa = PBXNativeTarget;
			buildConfigurationList = 21FA568B20983733001D76D6 /* Build configuration list for PBXNativeTarget "TestXCTestUITests" */;
			buildPhases = (
				21FA567B20983733001D76D6 /* Sources */,
				21FA567C20983733001D76D6 /* Frameworks */,
				21FA567D20983733001D76D6 /* Resources */,
			);
			buildRules = (
			);
			dependencies = (
				21FA568120983733001D76D6 /* PBXTargetDependency */,
			);
			name = TestXCTestUITests;
			productName = TestXCTestUITests;
			productReference = 21FA567F20983733001D76D6 /* TestXCTestUITests.xctest */;
			productType = "com.apple.product-type.bundle.ui-testing";
		};
/* End PBXNativeTarget section */

/* Begin PBXProject section */
		21FA566320983727001D76D6 /* Project object */ = {
			isa = PBXProject;
			attributes = {
				LastSwiftUpdateCheck = 0930;
				LastUpgradeCheck = 0930;
				ORGANIZATIONNAME = "Toseef Khilji";
				TargetAttributes = {
					21FA566A20983727001D76D6 = {
						CreatedOnToolsVersion = 9.3;
					};
					21FA567E20983733001D76D6 = {
						CreatedOnToolsVersion = 9.3;
						TestTargetID = 21FA566A20983727001D76D6;
					};
				};
			};
			buildConfigurationList = 21FA566620983727001D76D6 /* Build configuration list for PBXProject "TestXCTest" */;
			compatibilityVersion = "Xcode 9.3";
			developmentRegion = en;
			hasScannedForEncodings = 0;
			knownRegions = (
				en,
				Base,
			);
			mainGroup = 21FA566220983727001D76D6;
			productRefGroup = 21FA566C20983727001D76D6 /* Products */;
			projectDirPath = "";
			projectRoot = "";
			targets = (
				21FA566A20983727001D76D6 /* TestXCTest */,
				21FA567E20983733001D76D6 /* TestXCTestUITests */,
			);
		};
/* End PBXProject section */

/* Begin PBXResourcesBuildPhase section */
		21FA566920983727001D76D6 /* Resources */ = {
			isa = PBXResourcesBuildPhase;
			buildActionMask = 2147483647;
			files = (
				21FA567920983732001D76D6 /* LaunchScreen.storyboard in Resources */,
				21FA567620983732001D76D6 /* Assets.xcassets in Resources */,
				21FA567420983727001D76D6 /* Main.storyboard in Resources */,
			);
			runOnlyForDeploymentPostprocessing = 0;
		};
		21FA567D20983733001D76D6 /* Resources */ = {
			isa = PBXResourcesBuildPhase;
			buildActionMask = 2147483647;
			files = (
			);
			runOnlyForDeploymentPostprocessing = 0;
		};
/* End PBXResourcesBuildPhase section */

/* Begin PBXSourcesBuildPhase section */
		21FA566720983727001D76D6 /* Sources */ = {
			isa = PBXSourcesBuildPhase;
			buildActionMask = 2147483647;
			files = (
				21FA567120983727001D76D6 /* ViewController.swift in Sources */,
				21FA566F20983727001D76D6 /* AppDelegate.swift in Sources */,
			);
			runOnlyForDeploymentPostprocessing = 0;
		};
		21FA567B20983733001D76D6 /* Sources */ = {
			isa = PBXSourcesBuildPhase;
			buildActionMask = 2147483647;
			files = (
				21FA568420983733001D76D6 /* TestXCTestUITests.swift in Sources */,
			);
			runOnlyForDeploymentPostprocessing = 0;
		};
/* End PBXSourcesBuildPhase section */

/* Begin PBXTargetDependency section */
		21FA568120983733001D76D6 /* PBXTargetDependency */ = {
			isa = PBXTargetDependency;
			target = 21FA566A20983727001D76D6 /* TestXCTest */;
			targetProxy = 21FA568020983733001D76D6 /* PBXContainerItemProxy */;
		};
/* End PBXTargetDependency section */

/* Begin PBXVariantGroup section */
		21FA567220983727001D76D6 /* Main.storyboard */ = {
			isa = PBXVariantGroup;
			children = (
				21FA567320983727001D76D6 /* Base */,
			);
			name = Main.storyboard;
			sourceTree = "<group>";
		};
		21FA567720983732001D76D6 /* LaunchScreen.storyboard */ = {
			isa = PBXVariantGroup;
			children = (
				21FA567820983732001D76D6 /* Base */,
			);
			name = LaunchScreen.storyboard;
			sourceTree = "<group>";
		};
/* End PBXVariantGroup section */

/* Begin XCBuildConfiguration section */
		21FA568620983733001D76D6 /* Debug */ = {
			isa = XCBuildConfiguration;
			buildSettings = {
				ALWAYS_SEARCH_USER_PATHS = NO;
				CLANG_ANALYZER_NONNULL = YES;
				CLANG_ANALYZER_NUMBER_OBJECT_CONVERSION = YES_AGGRESSIVE;
				CLANG_CXX_LANGUAGE_STANDARD = "gnu++14";
				CLANG_CXX_LIBRARY = "libc++";
				CLANG_ENABLE_MODULES = YES;
				CLANG_ENABLE_OBJC_ARC = YES;
				CLANG_ENABLE_OBJC_WEAK = YES;
				CLANG_WARN_BLOCK_CAPTURE_AUTORELEASING = YES;
				CLANG_WARN_BOOL_CONVERSION = YES;
				CLANG_WARN_COMMA = YES;
				CLANG_WARN_CONSTANT_CONVERSION = YES;
				CLANG_WARN_DEPRECATED_OBJC_IMPLEMENTATIONS = YES;
				CLANG_WARN_DIRECT_OBJC_ISA_USAGE = YES_ERROR;
				CLANG_WARN_DOCUMENTATION_COMMENTS = YES;
				CLANG_WARN_EMPTY_BODY = YES;
				CLANG_WARN_ENUM_CONVERSION = YES;
				CLANG_WARN_INFINITE_RECURSION = YES;
				CLANG_WARN_INT_CONVERSION = YES;
				CLANG_WARN_NON_LITERAL_NULL_CONVERSION = YES;
				CLANG_WARN_OBJC_IMPLICIT_RETAIN_SELF = YES;
				CLANG_WARN_OBJC_LITERAL_CONVERSION = YES;
				CLANG_WARN_OBJC_ROOT_CLASS = YES_ERROR;
				CLANG_WARN_RANGE_LOOP_ANALYSIS = YES;
				CLANG_WARN_STRICT_PROTOTYPES = YES;
				CLANG_WARN_SUSPICIOUS_MOVE = YES;
				CLANG_WARN_UNGUARDED_AVAILABILITY = YES_AGGRESSIVE;
				CLANG_WARN_UNREACHABLE_CODE = YES;
				CLANG_WARN__DUPLICATE_METHOD_MATCH = YES;
				CODE_SIGN_IDENTITY = "iPhone Developer";
				COPY_PHASE_STRIP = NO;
				DEBUG_INFORMATION_FORMAT = dwarf;
				ENABLE_STRICT_OBJC_MSGSEND = YES;
				ENABLE_TESTABILITY = YES;
				GCC_C_LANGUAGE_STANDARD = gnu11;
				GCC_DYNAMIC_NO_PIC = NO;
				GCC_NO_COMMON_BLOCKS = YES;
				GCC_OPTIMIZATION_LEVEL = 0;
				GCC_PREPROCESSOR_DEFINITIONS = (
					"DEBUG=1",
					"$(inherited)",
				);
				GCC_WARN_64_TO_32_BIT_CONVERSION = YES;
				GCC_WARN_ABOUT_RETURN_TYPE = YES_ERROR;
				GCC_WARN_UNDECLARED_SELECTOR = YES;
				GCC_WARN_UNINITIALIZED_AUTOS = YES_AGGRESSIVE;
				GCC_WARN_UNUSED_FUNCTION = YES;
				GCC_WARN_UNUSED_VARIABLE = YES;
				IPHONEOS_DEPLOYMENT_TARGET = 11.3;
				MTL_ENABLE_DEBUG_INFO = YES;
				ONLY_ACTIVE_ARCH = YES;
				SDKROOT = iphoneos;
				SWIFT_ACTIVE_COMPILATION_CONDITIONS = DEBUG;
				SWIFT_OPTIMIZATION_LEVEL = "-Onone";
			};
			name = Debug;
		};
		21FA568720983733001D76D6 /* Release */ = {
			isa = XCBuildConfiguration;
			buildSettings = {
				ALWAYS_SEARCH_USER_PATHS = NO;
				CLANG_ANALYZER_NONNULL = YES;
				CLANG_ANALYZER_NUMBER_OBJECT_CONVERSION = YES_AGGRESSIVE;
				CLANG_CXX_LANGUAGE_STANDARD = "gnu++14";
				CLANG_CXX_LIBRARY = "libc++";
				CLANG_ENABLE_MODULES = YES;
				CLANG_ENABLE_OBJC_ARC = YES;
				CLANG_ENABLE_OBJC_WEAK = YES;
				CLANG_WARN_BLOCK_CAPTURE_AUTORELEASING = YES;
				CLANG_WARN_BOOL_CONVERSION = YES;
				CLANG_WARN_COMMA = YES;
				CLANG_WARN_CONSTANT_CONVERSION = YES;
				CLANG_WARN_DEPRECATED_OBJC_IMPLEMENTATIONS = YES;
				CLANG_WARN_DIRECT_OBJC_ISA_USAGE = YES_ERROR;
				CLANG_WARN_DOCUMENTATION_COMMENTS = YES;
				CLANG_WARN_EMPTY_BODY = YES;
				CLANG_WARN_ENUM_CONVERSION = YES;
				CLANG_WARN_INFINITE_RECURSION = YES;
				CLANG_WARN_INT_CONVERSION = YES;
				CLANG_WARN_NON_LITERAL_NULL_CONVERSION = YES;
				CLANG_WARN_OBJC_IMPLICIT_RETAIN_SELF = YES;
				CLANG_WARN_OBJC_LITERAL_CONVERSION = YES;
				CLANG_WARN_OBJC_ROOT_CLASS = YES_ERROR;
				CLANG_WARN_RANGE_LOOP_ANALYSIS = YES;
				CLANG_WARN_STRICT_PROTOTYPES = YES;
				CLANG_WARN_SUSPICIOUS_MOVE = YES;
				CLANG_WARN_UNGUARDED_AVAILABILITY = YES_AGGRESSIVE;
				CLANG_WARN_UNREACHABLE_CODE = YES;
				CLANG_WARN__DUPLICATE_METHOD_MATCH = YES;
				CODE_SIGN_IDENTITY = "iPhone Developer";
				COPY_PHASE_STRIP = NO;
				DEBUG_INFORMATION_FORMAT = "dwarf-with-dsym";
				ENABLE_NS_ASSERTIONS = NO;
				ENABLE_STRICT_OBJC_MSGSEND = YES;
				GCC_C_LANGUAGE_STANDARD = gnu11;
				GCC_NO_COMMON_BLOCKS = YES;
				GCC_WARN_64_TO_32_BIT_CONVERSION = YES;
				GCC_WARN_ABOUT_RETURN_TYPE = YES_ERROR;
				GCC_WARN_UNDECLARED_SELECTOR = YES;
				GCC_WARN_UNINITIALIZED_AUTOS = YES_AGGRESSIVE;
				GCC_WARN_UNUSED_FUNCTION = YES;
				GCC_WARN_UNUSED_VARIABLE = YES;
				IPHONEOS_DEPLOYMENT_TARGET = 11.3;
				MTL_ENABLE_DEBUG_INFO = NO;
				SDKROOT = iphoneos;
				SWIFT_COMPILATION_MODE = wholemodule;
				SWIFT_OPTIMIZATION_LEVEL = "-O";
				VALIDATE_PRODUCT = YES;
			};
			name = Release;
		};
		21FA568920983733001D76D6 /* Debug */ = {
			isa = XCBuildConfiguration;
			buildSettings = {
				ASSETCATALOG_COMPILER_APPICON_NAME = AppIcon;
				CODE_SIGN_STYLE = Manual;
				DEVELOPMENT_TEAM = BEV2Z98CJ8;
				INFOPLIST_FILE = TestXCTest/Info.plist;
				IPHONEOS_DEPLOYMENT_TARGET = 10.0;
				LD_RUNPATH_SEARCH_PATHS = (
					"$(inherited)",
					"@executable_path/Frameworks",
				);
				PRODUCT_BUNDLE_IDENTIFIER = com.rangam.rangamtalentnetwork;
				PRODUCT_NAME = "$(TARGET_NAME)";
				PROVISIONING_PROFILE = "4da9420c-d7b4-4dfc-a7e8-d714605afd65";
				PROVISIONING_PROFILE_SPECIFIER = "Rangam Talent Network";
				SWIFT_VERSION = 4.0;
				TARGETED_DEVICE_FAMILY = "1,2";
			};
			name = Debug;
		};
		21FA568A20983733001D76D6 /* Release */ = {
			isa = XCBuildConfiguration;
			buildSettings = {
				ASSETCATALOG_COMPILER_APPICON_NAME = AppIcon;
				CODE_SIGN_IDENTITY = "iPhone Distribution";
				CODE_SIGN_STYLE = Manual;
				DEVELOPMENT_TEAM = BEV2Z98CJ8;
				INFOPLIST_FILE = TestXCTest/Info.plist;
				IPHONEOS_DEPLOYMENT_TARGET = 10.0;
				LD_RUNPATH_SEARCH_PATHS = (
					"$(inherited)",
					"@executable_path/Frameworks",
				);
				PRODUCT_BUNDLE_IDENTIFIER = com.rangam.rangamtalentnetwork;
				PRODUCT_NAME = "$(TARGET_NAME)";
				PROVISIONING_PROFILE = "7c06aa9f-8a5f-4bfc-b7b0-db1a82d3c96d";
				PROVISIONING_PROFILE_SPECIFIER = "Rangam Talent Network_Adhoc";
				SWIFT_VERSION = 4.0;
				TARGETED_DEVICE_FAMILY = "1,2";
			};
			name = Release;
		};
		21FA568C20983733001D76D6 /* Debug */ = {
			isa = XCBuildConfiguration;
			buildSettings = {
				ALWAYS_EMBED_SWIFT_STANDARD_LIBRARIES = YES;
				CODE_SIGN_IDENTITY = "iPhone Distribution";
				CODE_SIGN_STYLE = Manual;
				DEVELOPMENT_TEAM = BEV2Z98CJ8;
				INFOPLIST_FILE = TestXCTestUITests/Info.plist;
				LD_RUNPATH_SEARCH_PATHS = (
					"$(inherited)",
					"@executable_path/Frameworks",
					"@loader_path/Frameworks",
				);
				PRODUCT_BUNDLE_IDENTIFIER = com.apps.TestXCTestUITests;
				PRODUCT_NAME = "$(TARGET_NAME)";
				PROVISIONING_PROFILE = "0d42fcfb-e056-42ff-821d-3b820d6232e0";
				PROVISIONING_PROFILE_SPECIFIER = "XC: *";
				SWIFT_VERSION = 4.0;
				TARGETED_DEVICE_FAMILY = "1,2";
				TEST_TARGET_NAME = TestXCTest;
			};
			name = Debug;
		};
		21FA568D20983733001D76D6 /* Release */ = {
			isa = XCBuildConfiguration;
			buildSettings = {
				ALWAYS_EMBED_SWIFT_STANDARD_LIBRARIES = YES;
				CODE_SIGN_IDENTITY = "iPhone Distribution";
				CODE_SIGN_STYLE = Manual;
				DEVELOPMENT_TEAM = BEV2Z98CJ8;
				INFOPLIST_FILE = TestXCTestUITests/Info.plist;
				LD_RUNPATH_SEARCH_PATHS = (
					"$(inherited)",
					"@executable_path/Frameworks",
					"@loader_path/Frameworks",
				);
				PRODUCT_BUNDLE_IDENTIFIER = com.apps.TestXCTestUITests;
				PRODUCT_NAME = "$(TARGET_NAME)";
				PROVISIONING_PROFILE = "d9ff6501-ec3d-4752-bf18-3513f4a5cad7";
				PROVISIONING_PROFILE_SPECIFIER = "XC Ad Hoc: *";
				SWIFT_VERSION = 4.0;
				TARGETED_DEVICE_FAMILY = "1,2";
				TEST_TARGET_NAME = TestXCTest;
			};
			name = Release;
		};
/* End XCBuildConfiguration section */

/* Begin XCConfigurationList section */
		21FA566620983727001D76D6 /* Build configuration list for PBXProject "TestXCTest" */ = {
			isa = XCConfigurationList;
			buildConfigurations = (
				21FA568620983733001D76D6 /* Debug */,
				21FA568720983733001D76D6 /* Release */,
			);
			defaultConfigurationIsVisible = 0;
			defaultConfigurationName = Release;
		};
		21FA568820983733001D76D6 /* Build configuration list for PBXNativeTarget "TestXCTest" */ = {
			isa = XCConfigurationList;
			buildConfigurations = (
				21FA568920983733001D76D6 /* Debug */,
				21FA568A20983733001D76D6 /* Release */,
			);
			defaultConfigurationIsVisible = 0;
			defaultConfigurationName = Release;
		};
		21FA568B20983733001D76D6 /* Build configuration list for PBXNativeTarget "TestXCTestUITests" */ = {
			isa = XCConfigurationList;
			buildConfigurations = (
				21FA568C20983733001D76D6 /* Debug */,
				21FA568D20983733001D76D6 /* Release */,
			);
			defaultConfigurationIsVisible = 0;
			defaultConfigurationName = Release;
		};
/* End XCConfigurationList section */
	};
	rootObject = 21FA566320983727001D76D6 /* Project object */;
}
